
Microsoft Visual Studio Solution File, Format Version 12.00
# Visual Studio Version 16
VisualStudioVersion = 16.0.30907.101
MinimumVisualStudioVersion = 10.0.40219.1
Project("{9A19103F-16F7-4668-BE54-9A1E7A4F7556}") = "DataAccess", "DataAccess\DataAccess.csproj", "{09E24462-FE9F-4623-B40B-6AB7E7DD6A76}"
EndProject
Project("{9A19103F-16F7-4668-BE54-9A1E7A4F7556}") = "Business", "Business\Business.csproj", "{970F76A7-22F7-4A2A-8382-BA04F75D388F}"
EndProject
Project("{9A19103F-16F7-4668-BE54-9A1E7A4F7556}") = "Entities", "Entities\Entities.csproj", "{93DFCDB2-B2E2-4544-98E9-A8742C23D5AB}"
EndProject
Project("{9A19103F-16F7-4668-BE54-9A1E7A4F7556}") = "ConsoleUI", "ConsoleUI\ConsoleUI.csproj", "{FEAF82E1-91B7-4041-8FCF-88BA16470C30}"
EndProject
Project("{9A19103F-16F7-4668-BE54-9A1E7A4F7556}") = "Core", "Core\Core.csproj", "{D1C6A860-3780-46AE-880A-C0EF89E54246}"
EndProject
Project("{9A19103F-16F7-4668-BE54-9A1E7A4F7556}") = "WebAPI", "WebAPI\WebAPI.csproj", "{F3761419-79FD-4EE1-97BD-C8A5E31D9C0B}"
EndProject
Global
	GlobalSection(SolutionConfigurationPlatforms) = preSolution
		Debug|Any CPU = Debug|Any CPU
		Release|Any CPU = Release|Any CPU
	EndGlobalSection
	GlobalSection(ProjectConfigurationPlatforms) = postSolution
		{09E24462-FE9F-4623-B40B-6AB7E7DD6A76}.Debug|Any CPU.ActiveCfg = Debug|Any CPU
		{09E24462-FE9F-4623-B40B-6AB7E7DD6A76}.Debug|Any CPU.Build.0 = Debug|Any CPU
		{09E24462-FE9F-4623-B40B-6AB7E7DD6A76}.Release|Any CPU.ActiveCfg = Release|Any CPU
		{09E24462-FE9F-4623-B40B-6AB7E7DD6A76}.Release|Any CPU.Build.0 = Release|Any CPU
		{970F76A7-22F7-4A2A-8382-BA04F75D388F}.Debug|Any CPU.ActiveCfg = Debug|Any CPU
		{970F76A7-22F7-4A2A-8382-BA04F75D388F}.Debug|Any CPU.Build.0 = Debug|Any CPU
		{970F76A7-22F7-4A2A-8382-BA04F75D388F}.Release|Any CPU.ActiveCfg = Release|Any CPU
		{970F76A7-22F7-4A2A-8382-BA04F75D388F}.Release|Any CPU.Build.0 = Release|Any CPU
		{93DFCDB2-B2E2-4544-98E9-A8742C23D5AB}.Debug|Any CPU.ActiveCfg = Debug|Any CPU
		{93DFCDB2-B2E2-4544-98E9-A8742C23D5AB}.Debug|Any CPU.Build.0 = Debug|Any CPU
		{93DFCDB2-B2E2-4544-98E9-A8742C23D5AB}.Release|Any CPU.ActiveCfg = Release|Any CPU
		{93DFCDB2-B2E2-4544-98E9-A8742C23D5AB}.Release|Any CPU.Build.0 = Release|Any CPU
		{FEAF82E1-91B7-4041-8FCF-88BA16470C30}.Debug|Any CPU.ActiveCfg = Debug|Any CPU
		{FEAF82E1-91B7-4041-8FCF-88BA16470C30}.Debug|Any CPU.Build.0 = Debug|Any CPU
		{FEAF82E1-91B7-4041-8FCF-88BA16470C30}.Release|Any CPU.ActiveCfg = Release|Any CPU
		{FEAF82E1-91B7-4041-8FCF-88BA16470C30}.Release|Any CPU.Build.0 = Release|Any CPU
		{D1C6A860-3780-46AE-880A-C0EF89E54246}.Debug|Any CPU.ActiveCfg = Debug|Any CPU
		{D1C6A860-3780-46AE-880A-C0EF89E54246}.Debug|Any CPU.Build.0 = Debug|Any CPU
		{D1C6A860-3780-46AE-880A-C0EF89E54246}.Release|Any CPU.ActiveCfg = Release|Any CPU
		{D1C6A860-3780-46AE-880A-C0EF89E54246}.Release|Any CPU.Build.0 = Release|Any CPU
		{F3761419-79FD-4EE1-97BD-C8A5E31D9C0B}.Debug|Any CPU.ActiveCfg = Debug|Any CPU
		{F3761419-79FD-4EE1-97BD-C8A5E31D9C0B}.Debug|Any CPU.Build.0 = Debug|Any CPU
		{F3761419-79FD-4EE1-97BD-C8A5E31D9C0B}.Release|Any CPU.ActiveCfg = Release|Any CPU
		{F3761419-79FD-4EE1-97BD-C8A5E31D9C0B}.Release|Any CPU.Build.0 = Release|Any CPU
	EndGlobalSection
	GlobalSection(SolutionProperties) = preSolution
		HideSolutionNode = FALSE
	EndGlobalSection
	GlobalSection(ExtensibilityGlobals) = postSolution
		SolutionGuid = {0FD2A554-8831-465D-8BBD-32C17D856966}
	EndGlobalSection
EndGlobal
